
Microsoft Visual Studio Solution File, Format Version 12.00
# Visual Studio Version 17
VisualStudioVersion = 17.14.36811.4 d17.14
MinimumVisualStudioVersion = 10.0.40219.1
Project("{FAE04EC0-301F-11D3-BF4B-00C04F79EFBC}") = "TelecomAnalyticsAPI", "TelecomAnalyticsAPI.csproj", "{4E903ED4-917C-49CF-9C3D-9AD9D3E4B4B0}"
EndProject
Global
	GlobalSection(SolutionConfigurationPlatforms) = preSolution
		Debug|Any CPU = Debug|Any CPU
		Release|Any CPU = Release|Any CPU
	EndGlobalSection
	GlobalSection(ProjectConfigurationPlatforms) = postSolution
		{4E903ED4-917C-49CF-9C3D-9AD9D3E4B4B0}.Debug|Any CPU.ActiveCfg = Debug|Any CPU
		{4E903ED4-917C-49CF-9C3D-9AD9D3E4B4B0}.Debug|Any CPU.Build.0 = Debug|Any CPU
		{4E903ED4-917C-49CF-9C3D-9AD9D3E4B4B0}.Release|Any CPU.ActiveCfg = Release|Any CPU
		{4E903ED4-917C-49CF-9C3D-9AD9D3E4B4B0}.Release|Any CPU.Build.0 = Release|Any CPU
	EndGlobalSection
	GlobalSection(SolutionProperties) = preSolution
		HideSolutionNode = FALSE
	EndGlobalSection
	GlobalSection(ExtensibilityGlobals) = postSolution
		SolutionGuid = {000AE791-5719-4934-9389-A6179914D889}
	EndGlobalSection
EndGlobal
